
Microsoft Visual Studio Solution File, Format Version 12.00
# Visual Studio Version 17
VisualStudioVersion = 17.0.31903.59
MinimumVisualStudioVersion = 10.0.40219.1
Project("{2150E333-8FDC-42A3-9474-1A3956D46DE8}") = "src", "src", "{827E0CD3-B72D-47B6-A68D-7590B98EB39B}"
EndProject
Project("{FAE04EC0-301F-11D3-BF4B-00C04F79EFBC}") = "Azariah.Core", "src\Azariah.Core\Azariah.Core.csproj", "{49ED8CEC-1B51-4A2B-9D10-8A19F84E61C5}"
EndProject
Project("{FAE04EC0-301F-11D3-BF4B-00C04F79EFBC}") = "Azariah.AI.Abstractions", "src\Azariah.AI.Abstractions\Azariah.AI.Abstractions.csproj", "{931DAE46-08AF-4336-BD6D-12EB24DD42EA}"
EndProject
Global
	GlobalSection(SolutionConfigurationPlatforms) = preSolution
		Debug|Any CPU = Debug|Any CPU
		Debug|x64 = Debug|x64
		Debug|x86 = Debug|x86
		Release|Any CPU = Release|Any CPU
		Release|x64 = Release|x64
		Release|x86 = Release|x86
	EndGlobalSection
	GlobalSection(ProjectConfigurationPlatforms) = postSolution
		{49ED8CEC-1B51-4A2B-9D10-8A19F84E61C5}.Debug|Any CPU.ActiveCfg = Debug|Any CPU
		{49ED8CEC-1B51-4A2B-9D10-8A19F84E61C5}.Debug|Any CPU.Build.0 = Debug|Any CPU
		{49ED8CEC-1B51-4A2B-9D10-8A19F84E61C5}.Debug|x64.ActiveCfg = Debug|Any CPU
		{49ED8CEC-1B51-4A2B-9D10-8A19F84E61C5}.Debug|x64.Build.0 = Debug|Any CPU
		{49ED8CEC-1B51-4A2B-9D10-8A19F84E61C5}.Debug|x86.ActiveCfg = Debug|Any CPU
		{49ED8CEC-1B51-4A2B-9D10-8A19F84E61C5}.Debug|x86.Build.0 = Debug|Any CPU
		{49ED8CEC-1B51-4A2B-9D10-8A19F84E61C5}.Release|Any CPU.ActiveCfg = Release|Any CPU
		{49ED8CEC-1B51-4A2B-9D10-8A19F84E61C5}.Release|Any CPU.Build.0 = Release|Any CPU
		{49ED8CEC-1B51-4A2B-9D10-8A19F84E61C5}.Release|x64.ActiveCfg = Release|Any CPU
		{49ED8CEC-1B51-4A2B-9D10-8A19F84E61C5}.Release|x64.Build.0 = Release|Any CPU
		{49ED8CEC-1B51-4A2B-9D10-8A19F84E61C5}.Release|x86.ActiveCfg = Release|Any CPU
		{49ED8CEC-1B51-4A2B-9D10-8A19F84E61C5}.Release|x86.Build.0 = Release|Any CPU
		{931DAE46-08AF-4336-BD6D-12EB24DD42EA}.Debug|Any CPU.ActiveCfg = Debug|Any CPU
		{931DAE46-08AF-4336-BD6D-12EB24DD42EA}.Debug|Any CPU.Build.0 = Debug|Any CPU
		{931DAE46-08AF-4336-BD6D-12EB24DD42EA}.Debug|x64.ActiveCfg = Debug|Any CPU
		{931DAE46-08AF-4336-BD6D-12EB24DD42EA}.Debug|x64.Build.0 = Debug|Any CPU
		{931DAE46-08AF-4336-BD6D-12EB24DD42EA}.Debug|x86.ActiveCfg = Debug|Any CPU
		{931DAE46-08AF-4336-BD6D-12EB24DD42EA}.Debug|x86.Build.0 = Debug|Any CPU
		{931DAE46-08AF-4336-BD6D-12EB24DD42EA}.Release|Any CPU.ActiveCfg = Release|Any CPU
		{931DAE46-08AF-4336-BD6D-12EB24DD42EA}.Release|Any CPU.Build.0 = Release|Any CPU
		{931DAE46-08AF-4336-BD6D-12EB24DD42EA}.Release|x64.ActiveCfg = Release|Any CPU
		{931DAE46-08AF-4336-BD6D-12EB24DD42EA}.Release|x64.Build.0 = Release|Any CPU
		{931DAE46-08AF-4336-BD6D-12EB24DD42EA}.Release|x86.ActiveCfg = Release|Any CPU
		{931DAE46-08AF-4336-BD6D-12EB24DD42EA}.Release|x86.Build.0 = Release|Any CPU
	EndGlobalSection
	GlobalSection(SolutionProperties) = preSolution
		HideSolutionNode = FALSE
	EndGlobalSection
	GlobalSection(NestedProjects) = preSolution
		{49ED8CEC-1B51-4A2B-9D10-8A19F84E61C5} = {827E0CD3-B72D-47B6-A68D-7590B98EB39B}
		{931DAE46-08AF-4336-BD6D-12EB24DD42EA} = {827E0CD3-B72D-47B6-A68D-7590B98EB39B}
	EndGlobalSection
EndGlobal
